github.com/shynome/httprelay-go v0.0.2 h1:Z+Zvh7w9OIeBluZTg7Ef52EImmu2XbkhdS7tvnxQ2Dk=
github.com/shynome/httprelay-go v0.0.2/go.mod h1:CjDFSTBc/hqGTOfWZ6RmRKbIBzuD/qigX6AMYXZiLr0=
golang.org/x/net v0.0.0-20210614182718-04defd469f4e h1:XpT3nA5TvE525Ne3hInMh6+GETgn27Zfm9dxsThnX2Q=
golang.org/x/net v0.0.0-20210614182718-04defd469f4e/go.mod h1:9nx3DQGgdP8bBQD5qxJ1jj9UTztislL4KSBs9R2vV5Y=
